// !$*UTF8*$!
{
	archiveVersion = 1;
	classes = {
	};
	objectVersion = 56;
	objects = {

/* Begin PBXBuildFile section */
		83AA4C032B4EBD2D0073D3EE /* AppDelegate.swift in Sources */ = {isa = PBXBuildFile; fileRef = 83AA4C022B4EBD2D0073D3EE /* AppDelegate.swift */; };
		83AA4C052B4EBD2D0073D3EE /* SceneDelegate.swift in Sources */ = {isa = PBXBuildFile; fileRef = 83AA4C042B4EBD2D0073D3EE /* SceneDelegate.swift */; };
		83AA4C072B4EBD2D0073D3EE /* ViewController.swift in Sources */ = {isa = PBXBuildFile; fileRef = 83AA4C062B4EBD2D0073D3EE /* ViewController.swift */; };
		83AA4C0A2B4EBD2D0073D3EE /* Main.storyboard in Resources */ = {isa = PBXBuildFile; fileRef = 83AA4C082B4EBD2D0073D3EE /* Main.storyboard */; };
		83AA4C0C2B4EBD2F0073D3EE /* Assets.xcassets in Resources */ = {isa = PBXBuildFile; fileRef = 83AA4C0B2B4EBD2F0073D3EE /* Assets.xcassets */; };
		83AA4C0F2B4EBD2F0073D3EE /* LaunchScreen.storyboard in Resources */ = {isa = PBXBuildFile; fileRef = 83AA4C0D2B4EBD2F0073D3EE /* LaunchScreen.storyboard */; };
		83AA4C1A2B4EBD2F0073D3EE /* TradTableViewToRxSwift1Tests.swift in Sources */ = {isa = PBXBuildFile; fileRef = 83AA4C192B4EBD2F0073D3EE /* TradTableViewToRxSwift1Tests.swift */; };
		83AA4C242B4EBD2F0073D3EE /* TradTableViewToRxSwift1UITests.swift in Sources */ = {isa = PBXBuildFile; fileRef = 83AA4C232B4EBD2F0073D3EE /* TradTableViewToRxSwift1UITests.swift */; };
		83AA4C262B4EBD2F0073D3EE /* TradTableViewToRxSwift1UITestsLaunchTests.swift in Sources */ = {isa = PBXBuildFile; fileRef = 83AA4C252B4EBD2F0073D3EE /* TradTableViewToRxSwift1UITestsLaunchTests.swift */; };
/* End PBXBuildFile section */

/* Begin PBXContainerItemProxy section */
		83AA4C162B4EBD2F0073D3EE /* PBXContainerItemProxy */ = {
			isa = PBXContainerItemProxy;
			containerPortal = 83AA4BF72B4EBD2D0073D3EE /* Project object */;
			proxyType = 1;
			remoteGlobalIDString = 83AA4BFE2B4EBD2D0073D3EE;
			remoteInfo = TradTableViewToRxSwift1;
		};
		83AA4C202B4EBD2F0073D3EE /* PBXContainerItemProxy */ = {
			isa = PBXContainerItemProxy;
			containerPortal = 83AA4BF72B4EBD2D0073D3EE /* Project object */;
			proxyType = 1;
			remoteGlobalIDString = 83AA4BFE2B4EBD2D0073D3EE;
			remoteInfo = TradTableViewToRxSwift1;
		};
/* End PBXContainerItemProxy section */

/* Begin PBXFileReference section */
		83AA4BFF2B4EBD2D0073D3EE /* TradTableViewToRxSwift1.app */ = {isa = PBXFileReference; explicitFileType = wrapper.application; includeInIndex = 0; path = TradTableViewToRxSwift1.app; sourceTree = BUILT_PRODUCTS_DIR; };
		83AA4C022B4EBD2D0073D3EE /* AppDelegate.swift */ = {isa = PBXFileReference; lastKnownFileType = sourcecode.swift; path = AppDelegate.swift; sourceTree = "<group>"; };
		83AA4C042B4EBD2D0073D3EE /* SceneDelegate.swift */ = {isa = PBXFileReference; lastKnownFileType = sourcecode.swift; path = SceneDelegate.swift; sourceTree = "<group>"; };
		83AA4C062B4EBD2D0073D3EE /* ViewController.swift */ = {isa = PBXFileReference; lastKnownFileType = sourcecode.swift; path = ViewController.swift; sourceTree = "<group>"; };
		83AA4C092B4EBD2D0073D3EE /* Base */ = {isa = PBXFileReference; lastKnownFileType = file.storyboard; name = Base; path = Base.lproj/Main.storyboard; sourceTree = "<group>"; };
		83AA4C0B2B4EBD2F0073D3EE /* Assets.xcassets */ = {isa = PBXFileReference; lastKnownFileType = folder.assetcatalog; path = Assets.xcassets; sourceTree = "<group>"; };
		83AA4C0E2B4EBD2F0073D3EE /* Base */ = {isa = PBXFileReference; lastKnownFileType = file.storyboard; name = Base; path = Base.lproj/LaunchScreen.storyboard; sourceTree = "<group>"; };
		83AA4C102B4EBD2F0073D3EE /* Info.plist */ = {isa = PBXFileReference; lastKnownFileType = text.plist.xml; path = Info.plist; sourceTree = "<group>"; };
		83AA4C152B4EBD2F0073D3EE /* TradTableViewToRxSwift1Tests.xctest */ = {isa = PBXFileReference; explicitFileType = wrapper.cfbundle; includeInIndex = 0; path = TradTableViewToRxSwift1Tests.xctest; sourceTree = BUILT_PRODUCTS_DIR; };
		83AA4C192B4EBD2F0073D3EE /* TradTableViewToRxSwift1Tests.swift */ = {isa = PBXFileReference; lastKnownFileType = sourcecode.swift; path = TradTableViewToRxSwift1Tests.swift; sourceTree = "<group>"; };
		83AA4C1F2B4EBD2F0073D3EE /* TradTableViewToRxSwift1UITests.xctest */ = {isa = PBXFileReference; explicitFileType = wrapper.cfbundle; includeInIndex = 0; path = TradTableViewToRxSwift1UITests.xctest; sourceTree = BUILT_PRODUCTS_DIR; };
		83AA4C232B4EBD2F0073D3EE /* TradTableViewToRxSwift1UITests.swift */ = {isa = PBXFileReference; lastKnownFileType = sourcecode.swift; path = TradTableViewToRxSwift1UITests.swift; sourceTree = "<group>"; };
		83AA4C252B4EBD2F0073D3EE /* TradTableViewToRxSwift1UITestsLaunchTests.swift */ = {isa = PBXFileReference; lastKnownFileType = sourcecode.swift; path = TradTableViewToRxSwift1UITestsLaunchTests.swift; sourceTree = "<group>"; };
/* End PBXFileReference section */

/* Begin PBXFrameworksBuildPhase section */
		83AA4BFC2B4EBD2D0073D3EE /* Frameworks */ = {
			isa = PBXFrameworksBuildPhase;
			buildActionMask = 2147483647;
			files = (
			);
			runOnlyForDeploymentPostprocessing = 0;
		};
		83AA4C122B4EBD2F0073D3EE /* Frameworks */ = {
			isa = PBXFrameworksBuildPhase;
			buildActionMask = 2147483647;
			files = (
			);
			runOnlyForDeploymentPostprocessing = 0;
		};
		83AA4C1C2B4EBD2F0073D3EE /* Frameworks */ = {
			isa = PBXFrameworksBuildPhase;
			buildActionMask = 2147483647;
			files = (
			);
			runOnlyForDeploymentPostprocessing = 0;
		};
/* End PBXFrameworksBuildPhase section */

/* Begin PBXGroup section */
		83AA4BF62B4EBD2D0073D3EE = {
			isa = PBXGroup;
			children = (
				83AA4C012B4EBD2D0073D3EE /* TradTableViewToRxSwift1 */,
				83AA4C182B4EBD2F0073D3EE /* TradTableViewToRxSwift1Tests */,
				83AA4C222B4EBD2F0073D3EE /* TradTableViewToRxSwift1UITests */,
				83AA4C002B4EBD2D0073D3EE /* Products */,
			);
			sourceTree = "<group>";
		};
		83AA4C002B4EBD2D0073D3EE /* Products */ = {
			isa = PBXGroup;
			children = (
				83AA4BFF2B4EBD2D0073D3EE /* TradTableViewToRxSwift1.app */,
				83AA4C152B4EBD2F0073D3EE /* TradTableViewToRxSwift1Tests.xctest */,
				83AA4C1F2B4EBD2F0073D3EE /* TradTableViewToRxSwift1UITests.xctest */,
			);
			name = Products;
			sourceTree = "<group>";
		};
		83AA4C012B4EBD2D0073D3EE /* TradTableViewToRxSwift1 */ = {
			isa = PBXGroup;
			children = (
				83AA4C022B4EBD2D0073D3EE /* AppDelegate.swift */,
				83AA4C042B4EBD2D0073D3EE /* SceneDelegate.swift */,
				83AA4C062B4EBD2D0073D3EE /* ViewController.swift */,
				83AA4C082B4EBD2D0073D3EE /* Main.storyboard */,
				83AA4C0B2B4EBD2F0073D3EE /* Assets.xcassets */,
				83AA4C0D2B4EBD2F0073D3EE /* LaunchScreen.storyboard */,
				83AA4C102B4EBD2F0073D3EE /* Info.plist */,
			);
			path = TradTableViewToRxSwift1;
			sourceTree = "<group>";
		};
		83AA4C182B4EBD2F0073D3EE /* TradTableViewToRxSwift1Tests */ = {
			isa = PBXGroup;
			children = (
				83AA4C192B4EBD2F0073D3EE /* TradTableViewToRxSwift1Tests.swift */,
			);
			path = TradTableViewToRxSwift1Tests;
			sourceTree = "<group>";
		};
		83AA4C222B4EBD2F0073D3EE /* TradTableViewToRxSwift1UITests */ = {
			isa = PBXGroup;
			children = (
				83AA4C232B4EBD2F0073D3EE /* TradTableViewToRxSwift1UITests.swift */,
				83AA4C252B4EBD2F0073D3EE /* TradTableViewToRxSwift1UITestsLaunchTests.swift */,
			);
			path = TradTableViewToRxSwift1UITests;
			sourceTree = "<group>";
		};
/* End PBXGroup section */

/* Begin PBXNativeTarget section */
		83AA4BFE2B4EBD2D0073D3EE /* TradTableViewToRxSwift1 */ = {
			isa = PBXNativeTarget;
			buildConfigurationList = 83AA4C292B4EBD2F0073D3EE /* Build configuration list for PBXNativeTarget "TradTableViewToRxSwift1" */;
			buildPhases = (
				83AA4BFB2B4EBD2D0073D3EE /* Sources */,
				83AA4BFC2B4EBD2D0073D3EE /* Frameworks */,
				83AA4BFD2B4EBD2D0073D3EE /* Resources */,
			);
			buildRules = (
			);
			dependencies = (
			);
			name = TradTableViewToRxSwift1;
			productName = TradTableViewToRxSwift1;
			productReference = 83AA4BFF2B4EBD2D0073D3EE /* TradTableViewToRxSwift1.app */;
			productType = "com.apple.product-type.application";
		};
		83AA4C142B4EBD2F0073D3EE /* TradTableViewToRxSwift1Tests */ = {
			isa = PBXNativeTarget;
			buildConfigurationList = 83AA4C2C2B4EBD2F0073D3EE /* Build configuration list for PBXNativeTarget "TradTableViewToRxSwift1Tests" */;
			buildPhases = (
				83AA4C112B4EBD2F0073D3EE /* Sources */,
				83AA4C122B4EBD2F0073D3EE /* Frameworks */,
				83AA4C132B4EBD2F0073D3EE /* Resources */,
			);
			buildRules = (
			);
			dependencies = (
				83AA4C172B4EBD2F0073D3EE /* PBXTargetDependency */,
			);
			name = TradTableViewToRxSwift1Tests;
			productName = TradTableViewToRxSwift1Tests;
			productReference = 83AA4C152B4EBD2F0073D3EE /* TradTableViewToRxSwift1Tests.xctest */;
			productType = "com.apple.product-type.bundle.unit-test";
		};
		83AA4C1E2B4EBD2F0073D3EE /* TradTableViewToRxSwift1UITests */ = {
			isa = PBXNativeTarget;
			buildConfigurationList = 83AA4C2F2B4EBD2F0073D3EE /* Build configuration list for PBXNativeTarget "TradTableViewToRxSwift1UITests" */;
			buildPhases = (
				83AA4C1B2B4EBD2F0073D3EE /* Sources */,
				83AA4C1C2B4EBD2F0073D3EE /* Frameworks */,
				83AA4C1D2B4EBD2F0073D3EE /* Resources */,
			);
			buildRules = (
			);
			dependencies = (
				83AA4C212B4EBD2F0073D3EE /* PBXTargetDependency */,
			);
			name = TradTableViewToRxSwift1UITests;
			productName = TradTableViewToRxSwift1UITests;
			productReference = 83AA4C1F2B4EBD2F0073D3EE /* TradTableViewToRxSwift1UITests.xctest */;
			productType = "com.apple.product-type.bundle.ui-testing";
		};
/* End PBXNativeTarget section */

/* Begin PBXProject section */
		83AA4BF72B4EBD2D0073D3EE /* Project object */ = {
			isa = PBXProject;
			attributes = {
				BuildIndependentTargetsInParallel = 1;
				LastSwiftUpdateCheck = 1500;
				LastUpgradeCheck = 1500;
				TargetAttributes = {
					83AA4BFE2B4EBD2D0073D3EE = {
						CreatedOnToolsVersion = 15.0.1;
					};
					83AA4C142B4EBD2F0073D3EE = {
						CreatedOnToolsVersion = 15.0.1;
						TestTargetID = 83AA4BFE2B4EBD2D0073D3EE;
					};
					83AA4C1E2B4EBD2F0073D3EE = {
						CreatedOnToolsVersion = 15.0.1;
						TestTargetID = 83AA4BFE2B4EBD2D0073D3EE;
					};
				};
			};
			buildConfigurationList = 83AA4BFA2B4EBD2D0073D3EE /* Build configuration list for PBXProject "TradTableViewToRxSwift1" */;
			compatibilityVersion = "Xcode 14.0";
			developmentRegion = en;
			hasScannedForEncodings = 0;
			knownRegions = (
				en,
				Base,
			);
			mainGroup = 83AA4BF62B4EBD2D0073D3EE;
			productRefGroup = 83AA4C002B4EBD2D0073D3EE /* Products */;
			projectDirPath = "";
			projectRoot = "";
			targets = (
				83AA4BFE2B4EBD2D0073D3EE /* TradTableViewToRxSwift1 */,
				83AA4C142B4EBD2F0073D3EE /* TradTableViewToRxSwift1Tests */,
				83AA4C1E2B4EBD2F0073D3EE /* TradTableViewToRxSwift1UITests */,
			);
		};
/* End PBXProject section */

/* Begin PBXResourcesBuildPhase section */
		83AA4BFD2B4EBD2D0073D3EE /* Resources */ = {
			isa = PBXResourcesBuildPhase;
			buildActionMask = 2147483647;
			files = (
				83AA4C0F2B4EBD2F0073D3EE /* LaunchScreen.storyboard in Resources */,
				83AA4C0C2B4EBD2F0073D3EE /* Assets.xcassets in Resources */,
				83AA4C0A2B4EBD2D0073D3EE /* Main.storyboard in Resources */,
			);
			runOnlyForDeploymentPostprocessing = 0;
		};
		83AA4C132B4EBD2F0073D3EE /* Resources */ = {
			isa = PBXResourcesBuildPhase;
			buildActionMask = 2147483647;
			files = (
			);
			runOnlyForDeploymentPostprocessing = 0;
		};
		83AA4C1D2B4EBD2F0073D3EE /* Resources */ = {
			isa = PBXResourcesBuildPhase;
			buildActionMask = 2147483647;
			files = (
			);
			runOnlyForDeploymentPostprocessing = 0;
		};
/* End PBXResourcesBuildPhase section */

/* Begin PBXSourcesBuildPhase section */
		83AA4BFB2B4EBD2D0073D3EE /* Sources */ = {
			isa = PBXSourcesBuildPhase;
			buildActionMask = 2147483647;
			files = (
				83AA4C072B4EBD2D0073D3EE /* ViewController.swift in Sources */,
				83AA4C032B4EBD2D0073D3EE /* AppDelegate.swift in Sources */,
				83AA4C052B4EBD2D0073D3EE /* SceneDelegate.swift in Sources */,
			);
			runOnlyForDeploymentPostprocessing = 0;
		};
		83AA4C112B4EBD2F0073D3EE /* Sources */ = {
			isa = PBXSourcesBuildPhase;
			buildActionMask = 2147483647;
			files = (
				83AA4C1A2B4EBD2F0073D3EE /* TradTableViewToRxSwift1Tests.swift in Sources */,
			);
			runOnlyForDeploymentPostprocessing = 0;
		};
		83AA4C1B2B4EBD2F0073D3EE /* Sources */ = {
			isa = PBXSourcesBuildPhase;
			buildActionMask = 2147483647;
			files = (
				83AA4C262B4EBD2F0073D3EE /* TradTableViewToRxSwift1UITestsLaunchTests.swift in Sources */,
				83AA4C242B4EBD2F0073D3EE /* TradTableViewToRxSwift1UITests.swift in Sources */,
			);
			runOnlyForDeploymentPostprocessing = 0;
		};
/* End PBXSourcesBuildPhase section */

/* Begin PBXTargetDependency section */
		83AA4C172B4EBD2F0073D3EE /* PBXTargetDependency */ = {
			isa = PBXTargetDependency;
			target = 83AA4BFE2B4EBD2D0073D3EE /* TradTableViewToRxSwift1 */;
			targetProxy = 83AA4C162B4EBD2F0073D3EE /* PBXContainerItemProxy */;
		};
		83AA4C212B4EBD2F0073D3EE /* PBXTargetDependency */ = {
			isa = PBXTargetDependency;
			target = 83AA4BFE2B4EBD2D0073D3EE /* TradTableViewToRxSwift1 */;
			targetProxy = 83AA4C202B4EBD2F0073D3EE /* PBXContainerItemProxy */;
		};
/* End PBXTargetDependency section */

/* Begin PBXVariantGroup section */
		83AA4C082B4EBD2D0073D3EE /* Main.storyboard */ = {
			isa = PBXVariantGroup;
			children = (
				83AA4C092B4EBD2D0073D3EE /* Base */,
			);
			name = Main.storyboard;
			sourceTree = "<group>";
		};
		83AA4C0D2B4EBD2F0073D3EE /* LaunchScreen.storyboard */ = {
			isa = PBXVariantGroup;
			children = (
				83AA4C0E2B4EBD2F0073D3EE /* Base */,
			);
			name = LaunchScreen.storyboard;
			sourceTree = "<group>";
		};
/* End PBXVariantGroup section */

/* Begin XCBuildConfiguration section */
		83AA4C272B4EBD2F0073D3EE /* Debug */ = {
			isa = XCBuildConfiguration;
			buildSettings = {
				ALWAYS_SEARCH_USER_PATHS = NO;
				ASSETCATALOG_COMPILER_GENERATE_SWIFT_ASSET_SYMBOL_EXTENSIONS = YES;
				CLANG_ANALYZER_NONNULL = YES;
				CLANG_ANALYZER_NUMBER_OBJECT_CONVERSION = YES_AGGRESSIVE;
				CLANG_CXX_LANGUAGE_STANDARD = "gnu++20";
				CLANG_ENABLE_MODULES = YES;
				CLANG_ENABLE_OBJC_ARC = YES;
				CLANG_ENABLE_OBJC_WEAK = YES;
				CLANG_WARN_BLOCK_CAPTURE_AUTORELEASING = YES;
				CLANG_WARN_BOOL_CONVERSION = YES;
				CLANG_WARN_COMMA = YES;
				CLANG_WARN_CONSTANT_CONVERSION = YES;
				CLANG_WARN_DEPRECATED_OBJC_IMPLEMENTATIONS = YES;
				CLANG_WARN_DIRECT_OBJC_ISA_USAGE = YES_ERROR;
				CLANG_WARN_DOCUMENTATION_COMMENTS = YES;
				CLANG_WARN_EMPTY_BODY = YES;
				CLANG_WARN_ENUM_CONVERSION = YES;
				CLANG_WARN_INFINITE_RECURSION = YES;
				CLANG_WARN_INT_CONVERSION = YES;
				CLANG_WARN_NON_LITERAL_NULL_CONVERSION = YES;
				CLANG_WARN_OBJC_IMPLICIT_RETAIN_SELF = YES;
				CLANG_WARN_OBJC_LITERAL_CONVERSION = YES;
				CLANG_WARN_OBJC_ROOT_CLASS = YES_ERROR;
				CLANG_WARN_QUOTED_INCLUDE_IN_FRAMEWORK_HEADER = YES;
				CLANG_WARN_RANGE_LOOP_ANALYSIS = YES;
				CLANG_WARN_STRICT_PROTOTYPES = YES;
				CLANG_WARN_SUSPICIOUS_MOVE = YES;
				CLANG_WARN_UNGUARDED_AVAILABILITY = YES_AGGRESSIVE;
				CLANG_WARN_UNREACHABLE_CODE = YES;
				CLANG_WARN__DUPLICATE_METHOD_MATCH = YES;
				COPY_PHASE_STRIP = NO;
				DEBUG_INFORMATION_FORMAT = dwarf;
				ENABLE_STRICT_OBJC_MSGSEND = YES;
				ENABLE_TESTABILITY = YES;
				ENABLE_USER_SCRIPT_SANDBOXING = YES;
				GCC_C_LANGUAGE_STANDARD = gnu17;
				GCC_DYNAMIC_NO_PIC = NO;
				GCC_NO_COMMON_BLOCKS = YES;
				GCC_OPTIMIZATION_LEVEL = 0;
				GCC_PREPROCESSOR_DEFINITIONS = (
					"DEBUG=1",
					"$(inherited)",
				);
				GCC_WARN_64_TO_32_BIT_CONVERSION = YES;
				GCC_WARN_ABOUT_RETURN_TYPE = YES_ERROR;
				GCC_WARN_UNDECLARED_SELECTOR = YES;
				GCC_WARN_UNINITIALIZED_AUTOS = YES_AGGRESSIVE;
				GCC_WARN_UNUSED_FUNCTION = YES;
				GCC_WARN_UNUSED_VARIABLE = YES;
				IPHONEOS_DEPLOYMENT_TARGET = 17.0;
				LOCALIZATION_PREFERS_STRING_CATALOGS = YES;
				MTL_ENABLE_DEBUG_INFO = INCLUDE_SOURCE;
				MTL_FAST_MATH = YES;
				ONLY_ACTIVE_ARCH = YES;
				SDKROOT = iphoneos;
				SWIFT_ACTIVE_COMPILATION_CONDITIONS = "DEBUG $(inherited)";
				SWIFT_OPTIMIZATION_LEVEL = "-Onone";
			};
			name = Debug;
		};
		83AA4C282B4EBD2F0073D3EE /* Release */ = {
			isa = XCBuildConfiguration;
			buildSettings = {
				ALWAYS_SEARCH_USER_PATHS = NO;
				ASSETCATALOG_COMPILER_GENERATE_SWIFT_ASSET_SYMBOL_EXTENSIONS = YES;
				CLANG_ANALYZER_NONNULL = YES;
				CLANG_ANALYZER_NUMBER_OBJECT_CONVERSION = YES_AGGRESSIVE;
				CLANG_CXX_LANGUAGE_STANDARD = "gnu++20";
				CLANG_ENABLE_MODULES = YES;
				CLANG_ENABLE_OBJC_ARC = YES;
				CLANG_ENABLE_OBJC_WEAK = YES;
				CLANG_WARN_BLOCK_CAPTURE_AUTORELEASING = YES;
				CLANG_WARN_BOOL_CONVERSION = YES;
				CLANG_WARN_COMMA = YES;
				CLANG_WARN_CONSTANT_CONVERSION = YES;
				CLANG_WARN_DEPRECATED_OBJC_IMPLEMENTATIONS = YES;
				CLANG_WARN_DIRECT_OBJC_ISA_USAGE = YES_ERROR;
				CLANG_WARN_DOCUMENTATION_COMMENTS = YES;
				CLANG_WARN_EMPTY_BODY = YES;
				CLANG_WARN_ENUM_CONVERSION = YES;
				CLANG_WARN_INFINITE_RECURSION = YES;
				CLANG_WARN_INT_CONVERSION = YES;
				CLANG_WARN_NON_LITERAL_NULL_CONVERSION = YES;
				CLANG_WARN_OBJC_IMPLICIT_RETAIN_SELF = YES;
				CLANG_WARN_OBJC_LITERAL_CONVERSION = YES;
				CLANG_WARN_OBJC_ROOT_CLASS = YES_ERROR;
				CLANG_WARN_QUOTED_INCLUDE_IN_FRAMEWORK_HEADER = YES;
				CLANG_WARN_RANGE_LOOP_ANALYSIS = YES;
				CLANG_WARN_STRICT_PROTOTYPES = YES;
				CLANG_WARN_SUSPICIOUS_MOVE = YES;
				CLANG_WARN_UNGUARDED_AVAILABILITY = YES_AGGRESSIVE;
				CLANG_WARN_UNREACHABLE_CODE = YES;
				CLANG_WARN__DUPLICATE_METHOD_MATCH = YES;
				COPY_PHASE_STRIP = NO;
				DEBUG_INFORMATION_FORMAT = "dwarf-with-dsym";
				ENABLE_NS_ASSERTIONS = NO;
				ENABLE_STRICT_OBJC_MSGSEND = YES;
				ENABLE_USER_SCRIPT_SANDBOXING = YES;
				GCC_C_LANGUAGE_STANDARD = gnu17;
				GCC_NO_COMMON_BLOCKS = YES;
				GCC_WARN_64_TO_32_BIT_CONVERSION = YES;
				GCC_WARN_ABOUT_RETURN_TYPE = YES_ERROR;
				GCC_WARN_UNDECLARED_SELECTOR = YES;
				GCC_WARN_UNINITIALIZED_AUTOS = YES_AGGRESSIVE;
				GCC_WARN_UNUSED_FUNCTION = YES;
				GCC_WARN_UNUSED_VARIABLE = YES;
				IPHONEOS_DEPLOYMENT_TARGET = 17.0;
				LOCALIZATION_PREFERS_STRING_CATALOGS = YES;
				MTL_ENABLE_DEBUG_INFO = NO;
				MTL_FAST_MATH = YES;
				SDKROOT = iphoneos;
				SWIFT_COMPILATION_MODE = wholemodule;
				VALIDATE_PRODUCT = YES;
			};
			name = Release;
		};
		83AA4C2A2B4EBD2F0073D3EE /* Debug */ = {
			isa = XCBuildConfiguration;
			buildSettings = {
				ASSETCATALOG_COMPILER_APPICON_NAME = AppIcon;
				ASSETCATALOG_COMPILER_GLOBAL_ACCENT_COLOR_NAME = AccentColor;
				CODE_SIGN_STYLE = Automatic;
				CURRENT_PROJECT_VERSION = 1;
				DEVELOPMENT_TEAM = BTG994US42;
				GENERATE_INFOPLIST_FILE = YES;
				INFOPLIST_FILE = TradTableViewToRxSwift1/Info.plist;
				INFOPLIST_KEY_UIApplicationSupportsIndirectInputEvents = YES;
				INFOPLIST_KEY_UILaunchStoryboardName = LaunchScreen;
				INFOPLIST_KEY_UIMainStoryboardFile = Main;
				INFOPLIST_KEY_UISupportedInterfaceOrientations_iPad = "UIInterfaceOrientationPortrait UIInterfaceOrientationPortraitUpsideDown UIInterfaceOrientationLandscapeLeft UIInterfaceOrientationLandscapeRight";
				INFOPLIST_KEY_UISupportedInterfaceOrientations_iPhone = "UIInterfaceOrientationPortrait UIInterfaceOrientationLandscapeLeft UIInterfaceOrientationLandscapeRight";
				LD_RUNPATH_SEARCH_PATHS = (
					"$(inherited)",
					"@executable_path/Frameworks",
				);
				MARKETING_VERSION = 1.0;
				PRODUCT_BUNDLE_IDENTIFIER = com.aitolkunanarbekova.TradTableViewToRxSwift1;
				PRODUCT_NAME = "$(TARGET_NAME)";
				SWIFT_EMIT_LOC_STRINGS = YES;
				SWIFT_VERSION = 5.0;
				TARGETED_DEVICE_FAMILY = "1,2";
			};
			name = Debug;
		};
		83AA4C2B2B4EBD2F0073D3EE /* Release */ = {
			isa = XCBuildConfiguration;
			buildSettings = {
				ASSETCATALOG_COMPILER_APPICON_NAME = AppIcon;
				ASSETCATALOG_COMPILER_GLOBAL_ACCENT_COLOR_NAME = AccentColor;
				CODE_SIGN_STYLE = Automatic;
				CURRENT_PROJECT_VERSION = 1;
				DEVELOPMENT_TEAM = BTG994US42;
				GENERATE_INFOPLIST_FILE = YES;
				INFOPLIST_FILE = TradTableViewToRxSwift1/Info.plist;
				INFOPLIST_KEY_UIApplicationSupportsIndirectInputEvents = YES;
				INFOPLIST_KEY_UILaunchStoryboardName = LaunchScreen;
				INFOPLIST_KEY_UIMainStoryboardFile = Main;
				INFOPLIST_KEY_UISupportedInterfaceOrientations_iPad = "UIInterfaceOrientationPortrait UIInterfaceOrientationPortraitUpsideDown UIInterfaceOrientationLandscapeLeft UIInterfaceOrientationLandscapeRight";
				INFOPLIST_KEY_UISupportedInterfaceOrientations_iPhone = "UIInterfaceOrientationPortrait UIInterfaceOrientationLandscapeLeft UIInterfaceOrientationLandscapeRight";
				LD_RUNPATH_SEARCH_PATHS = (
					"$(inherited)",
					"@executable_path/Frameworks",
				);
				MARKETING_VERSION = 1.0;
				PRODUCT_BUNDLE_IDENTIFIER = com.aitolkunanarbekova.TradTableViewToRxSwift1;
				PRODUCT_NAME = "$(TARGET_NAME)";
				SWIFT_EMIT_LOC_STRINGS = YES;
				SWIFT_VERSION = 5.0;
				TARGETED_DEVICE_FAMILY = "1,2";
			};
			name = Release;
		};
		83AA4C2D2B4EBD2F0073D3EE /* Debug */ = {
			isa = XCBuildConfiguration;
			buildSettings = {
				ALWAYS_EMBED_SWIFT_STANDARD_LIBRARIES = YES;
				BUNDLE_LOADER = "$(TEST_HOST)";
				CODE_SIGN_STYLE = Automatic;
				CURRENT_PROJECT_VERSION = 1;
				DEVELOPMENT_TEAM = BTG994US42;
				GENERATE_INFOPLIST_FILE = YES;
				IPHONEOS_DEPLOYMENT_TARGET = 17.0;
				MARKETING_VERSION = 1.0;
				PRODUCT_BUNDLE_IDENTIFIER = com.aitolkunanarbekova.TradTableViewToRxSwift1Tests;
				PRODUCT_NAME = "$(TARGET_NAME)";
				SWIFT_EMIT_LOC_STRINGS = NO;
				SWIFT_VERSION = 5.0;
				TARGETED_DEVICE_FAMILY = "1,2";
				TEST_HOST = "$(BUILT_PRODUCTS_DIR)/TradTableViewToRxSwift1.app/$(BUNDLE_EXECUTABLE_FOLDER_PATH)/TradTableViewToRxSwift1";
			};
			name = Debug;
		};
		83AA4C2E2B4EBD2F0073D3EE /* Release */ = {
			isa = XCBuildConfiguration;
			buildSettings = {
				ALWAYS_EMBED_SWIFT_STANDARD_LIBRARIES = YES;
				BUNDLE_LOADER = "$(TEST_HOST)";
				CODE_SIGN_STYLE = Automatic;
				CURRENT_PROJECT_VERSION = 1;
				DEVELOPMENT_TEAM = BTG994US42;
				GENERATE_INFOPLIST_FILE = YES;
				IPHONEOS_DEPLOYMENT_TARGET = 17.0;
				MARKETING_VERSION = 1.0;
				PRODUCT_BUNDLE_IDENTIFIER = com.aitolkunanarbekova.TradTableViewToRxSwift1Tests;
				PRODUCT_NAME = "$(TARGET_NAME)";
				SWIFT_EMIT_LOC_STRINGS = NO;
				SWIFT_VERSION = 5.0;
				TARGETED_DEVICE_FAMILY = "1,2";
				TEST_HOST = "$(BUILT_PRODUCTS_DIR)/TradTableViewToRxSwift1.app/$(BUNDLE_EXECUTABLE_FOLDER_PATH)/TradTableViewToRxSwift1";
			};
			name = Release;
		};
		83AA4C302B4EBD2F0073D3EE /* Debug */ = {
			isa = XCBuildConfiguration;
			buildSettings = {
				ALWAYS_EMBED_SWIFT_STANDARD_LIBRARIES = YES;
				CODE_SIGN_STYLE = Automatic;
				CURRENT_PROJECT_VERSION = 1;
				DEVELOPMENT_TEAM = BTG994US42;
				GENERATE_INFOPLIST_FILE = YES;
				MARKETING_VERSION = 1.0;
				PRODUCT_BUNDLE_IDENTIFIER = com.aitolkunanarbekova.TradTableViewToRxSwift1UITests;
				PRODUCT_NAME = "$(TARGET_NAME)";
				SWIFT_EMIT_LOC_STRINGS = NO;
				SWIFT_VERSION = 5.0;
				TARGETED_DEVICE_FAMILY = "1,2";
				TEST_TARGET_NAME = TradTableViewToRxSwift1;
			};
			name = Debug;
		};
		83AA4C312B4EBD2F0073D3EE /* Release */ = {
			isa = XCBuildConfiguration;
			buildSettings = {
				ALWAYS_EMBED_SWIFT_STANDARD_LIBRARIES = YES;
				CODE_SIGN_STYLE = Automatic;
				CURRENT_PROJECT_VERSION = 1;
				DEVELOPMENT_TEAM = BTG994US42;
				GENERATE_INFOPLIST_FILE = YES;
				MARKETING_VERSION = 1.0;
				PRODUCT_BUNDLE_IDENTIFIER = com.aitolkunanarbekova.TradTableViewToRxSwift1UITests;
				PRODUCT_NAME = "$(TARGET_NAME)";
				SWIFT_EMIT_LOC_STRINGS = NO;
				SWIFT_VERSION = 5.0;
				TARGETED_DEVICE_FAMILY = "1,2";
				TEST_TARGET_NAME = TradTableViewToRxSwift1;
			};
			name = Release;
		};
/* End XCBuildConfiguration section */

/* Begin XCConfigurationList section */
		83AA4BFA2B4EBD2D0073D3EE /* Build configuration list for PBXProject "TradTableViewToRxSwift1" */ = {
			isa = XCConfigurationList;
			buildConfigurations = (
				83AA4C272B4EBD2F0073D3EE /* Debug */,
				83AA4C282B4EBD2F0073D3EE /* Release */,
			);
			defaultConfigurationIsVisible = 0;
			defaultConfigurationName = Release;
		};
		83AA4C292B4EBD2F0073D3EE /* Build configuration list for PBXNativeTarget "TradTableViewToRxSwift1" */ = {
			isa = XCConfigurationList;
			buildConfigurations = (
				83AA4C2A2B4EBD2F0073D3EE /* Debug */,
				83AA4C2B2B4EBD2F0073D3EE /* Release */,
			);
			defaultConfigurationIsVisible = 0;
			defaultConfigurationName = Release;
		};
		83AA4C2C2B4EBD2F0073D3EE /* Build configuration list for PBXNativeTarget "TradTableViewToRxSwift1Tests" */ = {
			isa = XCConfigurationList;
			buildConfigurations = (
				83AA4C2D2B4EBD2F0073D3EE /* Debug */,
				83AA4C2E2B4EBD2F0073D3EE /* Release */,
			);
			defaultConfigurationIsVisible = 0;
			defaultConfigurationName = Release;
		};
		83AA4C2F2B4EBD2F0073D3EE /* Build configuration list for PBXNativeTarget "TradTableViewToRxSwift1UITests" */ = {
			isa = XCConfigurationList;
			buildConfigurations = (
				83AA4C302B4EBD2F0073D3EE /* Debug */,
				83AA4C312B4EBD2F0073D3EE /* Release */,
			);
			defaultConfigurationIsVisible = 0;
			defaultConfigurationName = Release;
		};
/* End XCConfigurationList section */
	};
	rootObject = 83AA4BF72B4EBD2D0073D3EE /* Project object */;
}
